
Microsoft Visual Studio Solution File, Format Version 12.00
# Visual Studio Version 16
VisualStudioVersion = 16.0.31702.278
MinimumVisualStudioVersion = 10.0.40219.1
Project("{FAE04EC0-301F-11D3-BF4B-00C04F79EFBC}") = "midsim", "midsim\midsim.csproj", "{01200453-45DA-4989-A4AD-3D9632140E8B}"
EndProject
Global
	GlobalSection(SolutionConfigurationPlatforms) = preSolution
		Debug|Any CPU = Debug|Any CPU
		Release|Any CPU = Release|Any CPU
	EndGlobalSection
	GlobalSection(ProjectConfigurationPlatforms) = postSolution
		{01200453-45DA-4989-A4AD-3D9632140E8B}.Debug|Any CPU.ActiveCfg = Debug|Any CPU
		{01200453-45DA-4989-A4AD-3D9632140E8B}.Debug|Any CPU.Build.0 = Debug|Any CPU
		{01200453-45DA-4989-A4AD-3D9632140E8B}.Release|Any CPU.ActiveCfg = Release|Any CPU
		{01200453-45DA-4989-A4AD-3D9632140E8B}.Release|Any CPU.Build.0 = Release|Any CPU
	EndGlobalSection
	GlobalSection(SolutionProperties) = preSolution
		HideSolutionNode = FALSE
	EndGlobalSection
	GlobalSection(ExtensibilityGlobals) = postSolution
		SolutionGuid = {6DAFDAF6-534D-4D88-8D6C-A5F8F0F90717}
	EndGlobalSection
EndGlobal
